
Microsoft Visual Studio Solution File, Format Version 12.00
# Visual Studio 2013
VisualStudioVersion = 12.0.21005.1
MinimumVisualStudioVersion = 10.0.40219.1
Project("{8BC9CEB8-8B4A-11D0-8D11-00A0C91BC942}") = "set", "set\set.vcxproj", "{DA103AF4-888E-4CD2-8898-6A915C2DF0BD}"
EndProject
Global
	GlobalSection(SolutionConfigurationPlatforms) = preSolution
		Debug|Win32 = Debug|Win32
		Release|Win32 = Release|Win32
	EndGlobalSection
	GlobalSection(ProjectConfigurationPlatforms) = postSolution
		{DA103AF4-888E-4CD2-8898-6A915C2DF0BD}.Debug|Win32.ActiveCfg = Debug|Win32
		{DA103AF4-888E-4CD2-8898-6A915C2DF0BD}.Debug|Win32.Build.0 = Debug|Win32
		{DA103AF4-888E-4CD2-8898-6A915C2DF0BD}.Release|Win32.ActiveCfg = Release|Win32
		{DA103AF4-888E-4CD2-8898-6A915C2DF0BD}.Release|Win32.Build.0 = Release|Win32
	EndGlobalSection
	GlobalSection(SolutionProperties) = preSolution
		HideSolutionNode = FALSE
	EndGlobalSection
EndGlobal
